// !$*UTF8*$!
{
	archiveVersion = 1;
	classes = {
	};
	objectVersion = 56;
	objects = {

/* Begin PBXBuildFile section */
		1A5462862D0F14B000D160AA /* EditView.swift in Sources */ = {isa = PBXBuildFile; fileRef = 1A5462852D0F14B000D160AA /* EditView.swift */; };
		1A5462882D0F364F00D160AA /* Result.swift in Sources */ = {isa = PBXBuildFile; fileRef = 1A5462872D0F364F00D160AA /* Result.swift */; };
		1A8B978E2D0D54EE00F99F62 /* Project14_BucketListApp.swift in Sources */ = {isa = PBXBuildFile; fileRef = 1A8B978D2D0D54EE00F99F62 /* Project14_BucketListApp.swift */; };
		1A8B97902D0D54EE00F99F62 /* ContentView.swift in Sources */ = {isa = PBXBuildFile; fileRef = 1A8B978F2D0D54EE00F99F62 /* ContentView.swift */; };
		1A8B97922D0D54EF00F99F62 /* Assets.xcassets in Resources */ = {isa = PBXBuildFile; fileRef = 1A8B97912D0D54EF00F99F62 /* Assets.xcassets */; };
		1A8B97952D0D54EF00F99F62 /* Preview Assets.xcassets in Resources */ = {isa = PBXBuildFile; fileRef = 1A8B97942D0D54EF00F99F62 /* Preview Assets.xcassets */; };
		1ACBE0632D11A86100C6BF31 /* ContentView-ViewModel.swift in Sources */ = {isa = PBXBuildFile; fileRef = 1ACBE0622D11A86100C6BF31 /* ContentView-ViewModel.swift */; };
		1ACBE0662D11DCB200C6BF31 /* EditView-ViewModel.swift in Sources */ = {isa = PBXBuildFile; fileRef = 1ACBE0652D11DCB200C6BF31 /* EditView-ViewModel.swift */; };
		1ACE37E22D0DC98D00ECC2E8 /* Location.swift in Sources */ = {isa = PBXBuildFile; fileRef = 1ACE37E12D0DC98D00ECC2E8 /* Location.swift */; };
/* End PBXBuildFile section */

/* Begin PBXFileReference section */
		1A5462852D0F14B000D160AA /* EditView.swift */ = {isa = PBXFileReference; lastKnownFileType = sourcecode.swift; path = EditView.swift; sourceTree = "<group>"; };
		1A5462872D0F364F00D160AA /* Result.swift */ = {isa = PBXFileReference; lastKnownFileType = sourcecode.swift; path = Result.swift; sourceTree = "<group>"; };
		1A8B978A2D0D54EE00F99F62 /* Project14-BucketList.app */ = {isa = PBXFileReference; explicitFileType = wrapper.application; includeInIndex = 0; path = "Project14-BucketList.app"; sourceTree = BUILT_PRODUCTS_DIR; };
		1A8B978D2D0D54EE00F99F62 /* Project14_BucketListApp.swift */ = {isa = PBXFileReference; lastKnownFileType = sourcecode.swift; path = Project14_BucketListApp.swift; sourceTree = "<group>"; };
		1A8B978F2D0D54EE00F99F62 /* ContentView.swift */ = {isa = PBXFileReference; lastKnownFileType = sourcecode.swift; path = ContentView.swift; sourceTree = "<group>"; };
		1A8B97912D0D54EF00F99F62 /* Assets.xcassets */ = {isa = PBXFileReference; lastKnownFileType = folder.assetcatalog; path = Assets.xcassets; sourceTree = "<group>"; };
		1A8B97942D0D54EF00F99F62 /* Preview Assets.xcassets */ = {isa = PBXFileReference; lastKnownFileType = folder.assetcatalog; path = "Preview Assets.xcassets"; sourceTree = "<group>"; };
		1ACBE0622D11A86100C6BF31 /* ContentView-ViewModel.swift */ = {isa = PBXFileReference; lastKnownFileType = sourcecode.swift; path = "ContentView-ViewModel.swift"; sourceTree = "<group>"; };
		1ACBE0642D11B36700C6BF31 /* Info.plist */ = {isa = PBXFileReference; lastKnownFileType = text.plist.xml; path = Info.plist; sourceTree = "<group>"; };
		1ACBE0652D11DCB200C6BF31 /* EditView-ViewModel.swift */ = {isa = PBXFileReference; lastKnownFileType = sourcecode.swift; path = "EditView-ViewModel.swift"; sourceTree = "<group>"; };
		1ACE37E12D0DC98D00ECC2E8 /* Location.swift */ = {isa = PBXFileReference; lastKnownFileType = sourcecode.swift; path = Location.swift; sourceTree = "<group>"; };
/* End PBXFileReference section */

/* Begin PBXFrameworksBuildPhase section */
		1A8B97872D0D54EE00F99F62 /* Frameworks */ = {
			isa = PBXFrameworksBuildPhase;
			buildActionMask = 2147483647;
			files = (
			);
			runOnlyForDeploymentPostprocessing = 0;
		};
/* End PBXFrameworksBuildPhase section */

/* Begin PBXGroup section */
		1A8B97812D0D54EE00F99F62 = {
			isa = PBXGroup;
			children = (
				1A8B978C2D0D54EE00F99F62 /* Project14-BucketList */,
				1A8B978B2D0D54EE00F99F62 /* Products */,
			);
			sourceTree = "<group>";
		};
		1A8B978B2D0D54EE00F99F62 /* Products */ = {
			isa = PBXGroup;
			children = (
				1A8B978A2D0D54EE00F99F62 /* Project14-BucketList.app */,
			);
			name = Products;
			sourceTree = "<group>";
		};
		1A8B978C2D0D54EE00F99F62 /* Project14-BucketList */ = {
			isa = PBXGroup;
			children = (
				1ACBE0642D11B36700C6BF31 /* Info.plist */,
				1ACBE06B2D11E30500C6BF31 /* Setup Files */,
				1ACBE0692D11E2CE00C6BF31 /* Views */,
				1ACBE0682D11E2BE00C6BF31 /* ViewModels */,
				1ACBE0672D11DCC900C6BF31 /* Models */,
				1ACBE06A2D11E2ED00C6BF31 /* Assets and Other Files */,
				1A8B97932D0D54EF00F99F62 /* Preview Content */,
			);
			path = "Project14-BucketList";
			sourceTree = "<group>";
		};
		1A8B97932D0D54EF00F99F62 /* Preview Content */ = {
			isa = PBXGroup;
			children = (
				1A8B97942D0D54EF00F99F62 /* Preview Assets.xcassets */,
			);
			path = "Preview Content";
			sourceTree = "<group>";
		};
		1ACBE0672D11DCC900C6BF31 /* Models */ = {
			isa = PBXGroup;
			children = (
				1ACE37E12D0DC98D00ECC2E8 /* Location.swift */,
				1A5462872D0F364F00D160AA /* Result.swift */,
			);
			name = Models;
			sourceTree = "<group>";
		};
		1ACBE0682D11E2BE00C6BF31 /* ViewModels */ = {
			isa = PBXGroup;
			children = (
				1ACBE0622D11A86100C6BF31 /* ContentView-ViewModel.swift */,
				1ACBE0652D11DCB200C6BF31 /* EditView-ViewModel.swift */,
			);
			path = ViewModels;
			sourceTree = "<group>";
		};
		1ACBE0692D11E2CE00C6BF31 /* Views */ = {
			isa = PBXGroup;
			children = (
				1A8B978F2D0D54EE00F99F62 /* ContentView.swift */,
				1A5462852D0F14B000D160AA /* EditView.swift */,
			);
			path = Views;
			sourceTree = "<group>";
		};
		1ACBE06A2D11E2ED00C6BF31 /* Assets and Other Files */ = {
			isa = PBXGroup;
			children = (
				1A8B97912D0D54EF00F99F62 /* Assets.xcassets */,
			);
			path = "Assets and Other Files";
			sourceTree = "<group>";
		};
		1ACBE06B2D11E30500C6BF31 /* Setup Files */ = {
			isa = PBXGroup;
			children = (
				1A8B978D2D0D54EE00F99F62 /* Project14_BucketListApp.swift */,
			);
			path = "Setup Files";
			sourceTree = "<group>";
		};
/* End PBXGroup section */

/* Begin PBXNativeTarget section */
		1A8B97892D0D54EE00F99F62 /* Project14-BucketList */ = {
			isa = PBXNativeTarget;
			buildConfigurationList = 1A8B97982D0D54EF00F99F62 /* Build configuration list for PBXNativeTarget "Project14-BucketList" */;
			buildPhases = (
				1A8B97862D0D54EE00F99F62 /* Sources */,
				1A8B97872D0D54EE00F99F62 /* Frameworks */,
				1A8B97882D0D54EE00F99F62 /* Resources */,
			);
			buildRules = (
			);
			dependencies = (
			);
			name = "Project14-BucketList";
			productName = "Project14-BucketList";
			productReference = 1A8B978A2D0D54EE00F99F62 /* Project14-BucketList.app */;
			productType = "com.apple.product-type.application";
		};
/* End PBXNativeTarget section */

/* Begin PBXProject section */
		1A8B97822D0D54EE00F99F62 /* Project object */ = {
			isa = PBXProject;
			attributes = {
				BuildIndependentTargetsInParallel = 1;
				LastSwiftUpdateCheck = 1540;
				LastUpgradeCheck = 1540;
				TargetAttributes = {
					1A8B97892D0D54EE00F99F62 = {
						CreatedOnToolsVersion = 15.4;
					};
				};
			};
			buildConfigurationList = 1A8B97852D0D54EE00F99F62 /* Build configuration list for PBXProject "Project14-BucketList" */;
			compatibilityVersion = "Xcode 14.0";
			developmentRegion = en;
			hasScannedForEncodings = 0;
			knownRegions = (
				en,
				Base,
			);
			mainGroup = 1A8B97812D0D54EE00F99F62;
			productRefGroup = 1A8B978B2D0D54EE00F99F62 /* Products */;
			projectDirPath = "";
			projectRoot = "";
			targets = (
				1A8B97892D0D54EE00F99F62 /* Project14-BucketList */,
			);
		};
/* End PBXProject section */

/* Begin PBXResourcesBuildPhase section */
		1A8B97882D0D54EE00F99F62 /* Resources */ = {
			isa = PBXResourcesBuildPhase;
			buildActionMask = 2147483647;
			files = (
				1A8B97952D0D54EF00F99F62 /* Preview Assets.xcassets in Resources */,
				1A8B97922D0D54EF00F99F62 /* Assets.xcassets in Resources */,
			);
			runOnlyForDeploymentPostprocessing = 0;
		};
/* End PBXResourcesBuildPhase section */

/* Begin PBXSourcesBuildPhase section */
		1A8B97862D0D54EE00F99F62 /* Sources */ = {
			isa = PBXSourcesBuildPhase;
			buildActionMask = 2147483647;
			files = (
				1A8B97902D0D54EE00F99F62 /* ContentView.swift in Sources */,
				1ACBE0632D11A86100C6BF31 /* ContentView-ViewModel.swift in Sources */,
				1A5462882D0F364F00D160AA /* Result.swift in Sources */,
				1ACBE0662D11DCB200C6BF31 /* EditView-ViewModel.swift in Sources */,
				1ACE37E22D0DC98D00ECC2E8 /* Location.swift in Sources */,
				1A5462862D0F14B000D160AA /* EditView.swift in Sources */,
				1A8B978E2D0D54EE00F99F62 /* Project14_BucketListApp.swift in Sources */,
			);
			runOnlyForDeploymentPostprocessing = 0;
		};
/* End PBXSourcesBuildPhase section */

/* Begin XCBuildConfiguration section */
		1A8B97962D0D54EF00F99F62 /* Debug */ = {
			isa = XCBuildConfiguration;
			buildSettings = {
				ALWAYS_SEARCH_USER_PATHS = NO;
				ASSETCATALOG_COMPILER_GENERATE_SWIFT_ASSET_SYMBOL_EXTENSIONS = YES;
				CLANG_ANALYZER_NONNULL = YES;
				CLANG_ANALYZER_NUMBER_OBJECT_CONVERSION = YES_AGGRESSIVE;
				CLANG_CXX_LANGUAGE_STANDARD = "gnu++20";
				CLANG_ENABLE_MODULES = YES;
				CLANG_ENABLE_OBJC_ARC = YES;
				CLANG_ENABLE_OBJC_WEAK = YES;
				CLANG_WARN_BLOCK_CAPTURE_AUTORELEASING = YES;
				CLANG_WARN_BOOL_CONVERSION = YES;
				CLANG_WARN_COMMA = YES;
				CLANG_WARN_CONSTANT_CONVERSION = YES;
				CLANG_WARN_DEPRECATED_OBJC_IMPLEMENTATIONS = YES;
				CLANG_WARN_DIRECT_OBJC_ISA_USAGE = YES_ERROR;
				CLANG_WARN_DOCUMENTATION_COMMENTS = YES;
				CLANG_WARN_EMPTY_BODY = YES;
				CLANG_WARN_ENUM_CONVERSION = YES;
				CLANG_WARN_INFINITE_RECURSION = YES;
				CLANG_WARN_INT_CONVERSION = YES;
				CLANG_WARN_NON_LITERAL_NULL_CONVERSION = YES;
				CLANG_WARN_OBJC_IMPLICIT_RETAIN_SELF = YES;
				CLANG_WARN_OBJC_LITERAL_CONVERSION = YES;
				CLANG_WARN_OBJC_ROOT_CLASS = YES_ERROR;
				CLANG_WARN_QUOTED_INCLUDE_IN_FRAMEWORK_HEADER = YES;
				CLANG_WARN_RANGE_LOOP_ANALYSIS = YES;
				CLANG_WARN_STRICT_PROTOTYPES = YES;
				CLANG_WARN_SUSPICIOUS_MOVE = YES;
				CLANG_WARN_UNGUARDED_AVAILABILITY = YES_AGGRESSIVE;
				CLANG_WARN_UNREACHABLE_CODE = YES;
				CLANG_WARN__DUPLICATE_METHOD_MATCH = YES;
				COPY_PHASE_STRIP = NO;
				DEBUG_INFORMATION_FORMAT = dwarf;
				ENABLE_STRICT_OBJC_MSGSEND = YES;
				ENABLE_TESTABILITY = YES;
				ENABLE_USER_SCRIPT_SANDBOXING = YES;
				GCC_C_LANGUAGE_STANDARD = gnu17;
				GCC_DYNAMIC_NO_PIC = NO;
				GCC_NO_COMMON_BLOCKS = YES;
				GCC_OPTIMIZATION_LEVEL = 0;
				GCC_PREPROCESSOR_DEFINITIONS = (
					"DEBUG=1",
					"$(inherited)",
				);
				GCC_WARN_64_TO_32_BIT_CONVERSION = YES;
				GCC_WARN_ABOUT_RETURN_TYPE = YES_ERROR;
				GCC_WARN_UNDECLARED_SELECTOR = YES;
				GCC_WARN_UNINITIALIZED_AUTOS = YES_AGGRESSIVE;
				GCC_WARN_UNUSED_FUNCTION = YES;
				GCC_WARN_UNUSED_VARIABLE = YES;
				IPHONEOS_DEPLOYMENT_TARGET = 17.5;
				LOCALIZATION_PREFERS_STRING_CATALOGS = YES;
				MTL_ENABLE_DEBUG_INFO = INCLUDE_SOURCE;
				MTL_FAST_MATH = YES;
				ONLY_ACTIVE_ARCH = YES;
				SDKROOT = iphoneos;
				SWIFT_ACTIVE_COMPILATION_CONDITIONS = "DEBUG $(inherited)";
				SWIFT_OPTIMIZATION_LEVEL = "-Onone";
			};
			name = Debug;
		};
		1A8B97972D0D54EF00F99F62 /* Release */ = {
			isa = XCBuildConfiguration;
			buildSettings = {
				ALWAYS_SEARCH_USER_PATHS = NO;
				ASSETCATALOG_COMPILER_GENERATE_SWIFT_ASSET_SYMBOL_EXTENSIONS = YES;
				CLANG_ANALYZER_NONNULL = YES;
				CLANG_ANALYZER_NUMBER_OBJECT_CONVERSION = YES_AGGRESSIVE;
				CLANG_CXX_LANGUAGE_STANDARD = "gnu++20";
				CLANG_ENABLE_MODULES = YES;
				CLANG_ENABLE_OBJC_ARC = YES;
				CLANG_ENABLE_OBJC_WEAK = YES;
				CLANG_WARN_BLOCK_CAPTURE_AUTORELEASING = YES;
				CLANG_WARN_BOOL_CONVERSION = YES;
				CLANG_WARN_COMMA = YES;
				CLANG_WARN_CONSTANT_CONVERSION = YES;
				CLANG_WARN_DEPRECATED_OBJC_IMPLEMENTATIONS = YES;
				CLANG_WARN_DIRECT_OBJC_ISA_USAGE = YES_ERROR;
				CLANG_WARN_DOCUMENTATION_COMMENTS = YES;
				CLANG_WARN_EMPTY_BODY = YES;
				CLANG_WARN_ENUM_CONVERSION = YES;
				CLANG_WARN_INFINITE_RECURSION = YES;
				CLANG_WARN_INT_CONVERSION = YES;
				CLANG_WARN_NON_LITERAL_NULL_CONVERSION = YES;
				CLANG_WARN_OBJC_IMPLICIT_RETAIN_SELF = YES;
				CLANG_WARN_OBJC_LITERAL_CONVERSION = YES;
				CLANG_WARN_OBJC_ROOT_CLASS = YES_ERROR;
				CLANG_WARN_QUOTED_INCLUDE_IN_FRAMEWORK_HEADER = YES;
				CLANG_WARN_RANGE_LOOP_ANALYSIS = YES;
				CLANG_WARN_STRICT_PROTOTYPES = YES;
				CLANG_WARN_SUSPICIOUS_MOVE = YES;
				CLANG_WARN_UNGUARDED_AVAILABILITY = YES_AGGRESSIVE;
				CLANG_WARN_UNREACHABLE_CODE = YES;
				CLANG_WARN__DUPLICATE_METHOD_MATCH = YES;
				COPY_PHASE_STRIP = NO;
				DEBUG_INFORMATION_FORMAT = "dwarf-with-dsym";
				ENABLE_NS_ASSERTIONS = NO;
				ENABLE_STRICT_OBJC_MSGSEND = YES;
				ENABLE_USER_SCRIPT_SANDBOXING = YES;
				GCC_C_LANGUAGE_STANDARD = gnu17;
				GCC_NO_COMMON_BLOCKS = YES;
				GCC_WARN_64_TO_32_BIT_CONVERSION = YES;
				GCC_WARN_ABOUT_RETURN_TYPE = YES_ERROR;
				GCC_WARN_UNDECLARED_SELECTOR = YES;
				GCC_WARN_UNINITIALIZED_AUTOS = YES_AGGRESSIVE;
				GCC_WARN_UNUSED_FUNCTION = YES;
				GCC_WARN_UNUSED_VARIABLE = YES;
				IPHONEOS_DEPLOYMENT_TARGET = 17.5;
				LOCALIZATION_PREFERS_STRING_CATALOGS = YES;
				MTL_ENABLE_DEBUG_INFO = NO;
				MTL_FAST_MATH = YES;
				SDKROOT = iphoneos;
				SWIFT_COMPILATION_MODE = wholemodule;
				VALIDATE_PRODUCT = YES;
			};
			name = Release;
		};
		1A8B97992D0D54EF00F99F62 /* Debug */ = {
			isa = XCBuildConfiguration;
			buildSettings = {
				ASSETCATALOG_COMPILER_APPICON_NAME = AppIcon;
				ASSETCATALOG_COMPILER_GLOBAL_ACCENT_COLOR_NAME = AccentColor;
				CODE_SIGN_STYLE = Automatic;
				CURRENT_PROJECT_VERSION = 1;
				DEVELOPMENT_ASSET_PATHS = "\"Project14-BucketList/Preview Content\"";
				DEVELOPMENT_TEAM = 3L566L7593;
				ENABLE_PREVIEWS = YES;
				GENERATE_INFOPLIST_FILE = YES;
				INFOPLIST_FILE = "Project14-BucketList/Info.plist";
				INFOPLIST_KEY_NSFaceIDUsageDescription = "Please authenticate yourself to unlock places";
				INFOPLIST_KEY_UIApplicationSceneManifest_Generation = YES;
				INFOPLIST_KEY_UIApplicationSupportsIndirectInputEvents = YES;
				INFOPLIST_KEY_UILaunchScreen_Generation = YES;
				INFOPLIST_KEY_UISupportedInterfaceOrientations_iPad = "UIInterfaceOrientationPortrait UIInterfaceOrientationPortraitUpsideDown UIInterfaceOrientationLandscapeLeft UIInterfaceOrientationLandscapeRight";
				INFOPLIST_KEY_UISupportedInterfaceOrientations_iPhone = "UIInterfaceOrientationPortrait UIInterfaceOrientationLandscapeLeft UIInterfaceOrientationLandscapeRight";
				LD_RUNPATH_SEARCH_PATHS = (
					"$(inherited)",
					"@executable_path/Frameworks",
				);
				MARKETING_VERSION = 1.0;
				PRODUCT_BUNDLE_IDENTIFIER = "com.suhail.Project14-BucketList";
				PRODUCT_NAME = "$(TARGET_NAME)";
				SWIFT_EMIT_LOC_STRINGS = YES;
				SWIFT_VERSION = 5.0;
				TARGETED_DEVICE_FAMILY = "1,2";
			};
			name = Debug;
		};
		1A8B979A2D0D54EF00F99F62 /* Release */ = {
			isa = XCBuildConfiguration;
			buildSettings = {
				ASSETCATALOG_COMPILER_APPICON_NAME = AppIcon;
				ASSETCATALOG_COMPILER_GLOBAL_ACCENT_COLOR_NAME = AccentColor;
				CODE_SIGN_STYLE = Automatic;
				CURRENT_PROJECT_VERSION = 1;
				DEVELOPMENT_ASSET_PATHS = "\"Project14-BucketList/Preview Content\"";
				DEVELOPMENT_TEAM = 3L566L7593;
				ENABLE_PREVIEWS = YES;
				GENERATE_INFOPLIST_FILE = YES;
				INFOPLIST_FILE = "Project14-BucketList/Info.plist";
				INFOPLIST_KEY_NSFaceIDUsageDescription = "Please authenticate yourself to unlock places";
				INFOPLIST_KEY_UIApplicationSceneManifest_Generation = YES;
				INFOPLIST_KEY_UIApplicationSupportsIndirectInputEvents = YES;
				INFOPLIST_KEY_UILaunchScreen_Generation = YES;
				INFOPLIST_KEY_UISupportedInterfaceOrientations_iPad = "UIInterfaceOrientationPortrait UIInterfaceOrientationPortraitUpsideDown UIInterfaceOrientationLandscapeLeft UIInterfaceOrientationLandscapeRight";
				INFOPLIST_KEY_UISupportedInterfaceOrientations_iPhone = "UIInterfaceOrientationPortrait UIInterfaceOrientationLandscapeLeft UIInterfaceOrientationLandscapeRight";
				LD_RUNPATH_SEARCH_PATHS = (
					"$(inherited)",
					"@executable_path/Frameworks",
				);
				MARKETING_VERSION = 1.0;
				PRODUCT_BUNDLE_IDENTIFIER = "com.suhail.Project14-BucketList";
				PRODUCT_NAME = "$(TARGET_NAME)";
				SWIFT_EMIT_LOC_STRINGS = YES;
				SWIFT_VERSION = 5.0;
				TARGETED_DEVICE_FAMILY = "1,2";
			};
			name = Release;
		};
/* End XCBuildConfiguration section */

/* Begin XCConfigurationList section */
		1A8B97852D0D54EE00F99F62 /* Build configuration list for PBXProject "Project14-BucketList" */ = {
			isa = XCConfigurationList;
			buildConfigurations = (
				1A8B97962D0D54EF00F99F62 /* Debug */,
				1A8B97972D0D54EF00F99F62 /* Release */,
			);
			defaultConfigurationIsVisible = 0;
			defaultConfigurationName = Release;
		};
		1A8B97982D0D54EF00F99F62 /* Build configuration list for PBXNativeTarget "Project14-BucketList" */ = {
			isa = XCConfigurationList;
			buildConfigurations = (
				1A8B97992D0D54EF00F99F62 /* Debug */,
				1A8B979A2D0D54EF00F99F62 /* Release */,
			);
			defaultConfigurationIsVisible = 0;
			defaultConfigurationName = Release;
		};
/* End XCConfigurationList section */
	};
	rootObject = 1A8B97822D0D54EE00F99F62 /* Project object */;
}
